{
  "name": "test-json-lzma2",
  "version": "0.0.1",
  "lockfileVersion": 3,
  "requires": true,
  "packages": {
    "": {
      "name": "test-json-lzma2",
      "version": "0.0.1",
      "license": "MIT",
      "dependencies": {
        "lzma-web": "^3.0.1"
      }
    },
    "node_modules/lzma-web": {
      "version": "3.0.1",
      "resolved": "https://registry.npmjs.org/lzma-web/-/lzma-web-3.0.1.tgz",
      "integrity": "sha512-sb5cdfd+PLNljK/HUgYzvnz4G7r0GFK8sonyGrqJS0FVyUQjFYcnmU2LqTWFi6r48lH1ZBstnxyLWepKM/t7QA==",
      "license": "MIT"
    }
  }
}
